
Microsoft Visual Studio Solution File, Format Version 12.00
# Visual Studio 15
VisualStudioVersion = 15.0.28307.572
MinimumVisualStudioVersion = 10.0.40219.1
Project("{9A19103F-16F7-4668-BE54-9A1E7A4F7556}") = "FinalAssignment", "FinalAssignment\FinalAssignment.csproj", "{33C74A72-085F-4DDE-8D68-9AC479AF7CBC}"
EndProject
Project("{9A19103F-16F7-4668-BE54-9A1E7A4F7556}") = "FinalAssignmentAPI", "..\FinalAssignmentAPI\FinalAssignmentAPI\FinalAssignmentAPI.csproj", "{B3DF0221-BA67-431D-8B7F-5BE670FFCFE2}"
EndProject
Project("{FAE04EC0-301F-11D3-BF4B-00C04F79EFBC}") = "DataSet", "DataSet\DataSet.csproj", "{72D54B15-6105-4622-B1E3-1C0068FB10F6}"
EndProject
Global
	GlobalSection(SolutionConfigurationPlatforms) = preSolution
		Debug|Any CPU = Debug|Any CPU
		Release|Any CPU = Release|Any CPU
	EndGlobalSection
	GlobalSection(ProjectConfigurationPlatforms) = postSolution
		{33C74A72-085F-4DDE-8D68-9AC479AF7CBC}.Debug|Any CPU.ActiveCfg = Debug|Any CPU
		{33C74A72-085F-4DDE-8D68-9AC479AF7CBC}.Debug|Any CPU.Build.0 = Debug|Any CPU
		{33C74A72-085F-4DDE-8D68-9AC479AF7CBC}.Release|Any CPU.ActiveCfg = Release|Any CPU
		{33C74A72-085F-4DDE-8D68-9AC479AF7CBC}.Release|Any CPU.Build.0 = Release|Any CPU
		{B3DF0221-BA67-431D-8B7F-5BE670FFCFE2}.Debug|Any CPU.ActiveCfg = Debug|Any CPU
		{B3DF0221-BA67-431D-8B7F-5BE670FFCFE2}.Debug|Any CPU.Build.0 = Debug|Any CPU
		{B3DF0221-BA67-431D-8B7F-5BE670FFCFE2}.Release|Any CPU.ActiveCfg = Release|Any CPU
		{B3DF0221-BA67-431D-8B7F-5BE670FFCFE2}.Release|Any CPU.Build.0 = Release|Any CPU
		{72D54B15-6105-4622-B1E3-1C0068FB10F6}.Debug|Any CPU.ActiveCfg = Debug|Any CPU
		{72D54B15-6105-4622-B1E3-1C0068FB10F6}.Debug|Any CPU.Build.0 = Debug|Any CPU
		{72D54B15-6105-4622-B1E3-1C0068FB10F6}.Release|Any CPU.ActiveCfg = Release|Any CPU
		{72D54B15-6105-4622-B1E3-1C0068FB10F6}.Release|Any CPU.Build.0 = Release|Any CPU
	EndGlobalSection
	GlobalSection(SolutionProperties) = preSolution
		HideSolutionNode = FALSE
	EndGlobalSection
	GlobalSection(ExtensibilityGlobals) = postSolution
		SolutionGuid = {E090BD1C-C21B-47F7-8287-3F2650B29CCF}
	EndGlobalSection
EndGlobal
